
Microsoft Visual Studio Solution File, Format Version 12.00
# Visual Studio Version 16
VisualStudioVersion = 16.0.31605.320
MinimumVisualStudioVersion = 10.0.40219.1
Project("{FAE04EC0-301F-11D3-BF4B-00C04F79EFBC}") = "TokenStomp", "TokenStomp\TokenStomp.csproj", "{8AAC271F-9B0B-4DC3-8AA6-812BB7A57E7B}"
EndProject
Global
	GlobalSection(SolutionConfigurationPlatforms) = preSolution
		Debug|Any CPU = Debug|Any CPU
		Release|Any CPU = Release|Any CPU
	EndGlobalSection
	GlobalSection(ProjectConfigurationPlatforms) = postSolution
		{8AAC271F-9B0B-4DC3-8AA6-812BB7A57E7B}.Debug|Any CPU.ActiveCfg = Debug|Any CPU
		{8AAC271F-9B0B-4DC3-8AA6-812BB7A57E7B}.Debug|Any CPU.Build.0 = Debug|Any CPU
		{8AAC271F-9B0B-4DC3-8AA6-812BB7A57E7B}.Release|Any CPU.ActiveCfg = Release|Any CPU
		{8AAC271F-9B0B-4DC3-8AA6-812BB7A57E7B}.Release|Any CPU.Build.0 = Release|Any CPU
	EndGlobalSection
	GlobalSection(SolutionProperties) = preSolution
		HideSolutionNode = FALSE
	EndGlobalSection
	GlobalSection(ExtensibilityGlobals) = postSolution
		SolutionGuid = {B93EA081-C091-4687-AAB5-2F54E83F72C7}
	EndGlobalSection
EndGlobal
